// !$*UTF8*$!
{
	archiveVersion = 1;
	classes = {
	};
	objectVersion = 56;
	objects = {

/* Begin PBXBuildFile section */
		220755A12A4997410017B5D9 /* LocationSearchViewModel.swift in Sources */ = {isa = PBXBuildFile; fileRef = 220755A02A4997410017B5D9 /* LocationSearchViewModel.swift */; };
		22832DAC2A52735300148AD3 /* Color.swift in Sources */ = {isa = PBXBuildFile; fileRef = 22832DAB2A52735300148AD3 /* Color.swift */; };
		228BE9322A48107E009E5596 /* UberSwiftUIApp.swift in Sources */ = {isa = PBXBuildFile; fileRef = 228BE9312A48107E009E5596 /* UberSwiftUIApp.swift */; };
		228BE9362A481080009E5596 /* Assets.xcassets in Resources */ = {isa = PBXBuildFile; fileRef = 228BE9352A481080009E5596 /* Assets.xcassets */; };
		228BE9392A481080009E5596 /* Preview Assets.xcassets in Resources */ = {isa = PBXBuildFile; fileRef = 228BE9382A481080009E5596 /* Preview Assets.xcassets */; };
		228BE9492A481150009E5596 /* HomeView.swift in Sources */ = {isa = PBXBuildFile; fileRef = 228BE9482A481150009E5596 /* HomeView.swift */; };
		228BE94B2A481181009E5596 /* UberMapViewRepresentable.swift in Sources */ = {isa = PBXBuildFile; fileRef = 228BE94A2A481181009E5596 /* UberMapViewRepresentable.swift */; };
		228BE94D2A481541009E5596 /* LocationManager.swift in Sources */ = {isa = PBXBuildFile; fileRef = 228BE94C2A481541009E5596 /* LocationManager.swift */; };
		22B813282A482E3E001FAA35 /* LocationSearchActivationView.swift in Sources */ = {isa = PBXBuildFile; fileRef = 22B813272A482E3E001FAA35 /* LocationSearchActivationView.swift */; };
		22B8132A2A483173001FAA35 /* MapViewActionButton.swift in Sources */ = {isa = PBXBuildFile; fileRef = 22B813292A483173001FAA35 /* MapViewActionButton.swift */; };
		22B8132C2A483340001FAA35 /* LocationSearchView.swift in Sources */ = {isa = PBXBuildFile; fileRef = 22B8132B2A483340001FAA35 /* LocationSearchView.swift */; };
		22B8132E2A483710001FAA35 /* LocationSearchResultCell.swift in Sources */ = {isa = PBXBuildFile; fileRef = 22B8132D2A483710001FAA35 /* LocationSearchResultCell.swift */; };
		22C907992A4ED0BE002903ED /* Double.swift in Sources */ = {isa = PBXBuildFile; fileRef = 22C907982A4ED0BE002903ED /* Double.swift */; };
		22C9079B2A4ED989002903ED /* UberLocation.swift in Sources */ = {isa = PBXBuildFile; fileRef = 22C9079A2A4ED989002903ED /* UberLocation.swift */; };
		22ED5A252A4D251E00F980EA /* MapViewState.swift in Sources */ = {isa = PBXBuildFile; fileRef = 22ED5A242A4D251E00F980EA /* MapViewState.swift */; };
		22ED5A292A4D380000F980EA /* RideRequestView.swift in Sources */ = {isa = PBXBuildFile; fileRef = 22ED5A282A4D380000F980EA /* RideRequestView.swift */; };
		22ED5A2B2A4D92BD00F980EA /* RideType.swift in Sources */ = {isa = PBXBuildFile; fileRef = 22ED5A2A2A4D92BD00F980EA /* RideType.swift */; };
/* End PBXBuildFile section */

/* Begin PBXFileReference section */
		220755A02A4997410017B5D9 /* LocationSearchViewModel.swift */ = {isa = PBXFileReference; lastKnownFileType = sourcecode.swift; path = LocationSearchViewModel.swift; sourceTree = "<group>"; };
		22832DAB2A52735300148AD3 /* Color.swift */ = {isa = PBXFileReference; lastKnownFileType = sourcecode.swift; path = Color.swift; sourceTree = "<group>"; };
		228BE92E2A48107E009E5596 /* UberSwiftUI.app */ = {isa = PBXFileReference; explicitFileType = wrapper.application; includeInIndex = 0; path = UberSwiftUI.app; sourceTree = BUILT_PRODUCTS_DIR; };
		228BE9312A48107E009E5596 /* UberSwiftUIApp.swift */ = {isa = PBXFileReference; lastKnownFileType = sourcecode.swift; path = UberSwiftUIApp.swift; sourceTree = "<group>"; };
		228BE9352A481080009E5596 /* Assets.xcassets */ = {isa = PBXFileReference; lastKnownFileType = folder.assetcatalog; path = Assets.xcassets; sourceTree = "<group>"; };
		228BE9382A481080009E5596 /* Preview Assets.xcassets */ = {isa = PBXFileReference; lastKnownFileType = folder.assetcatalog; path = "Preview Assets.xcassets"; sourceTree = "<group>"; };
		228BE9482A481150009E5596 /* HomeView.swift */ = {isa = PBXFileReference; lastKnownFileType = sourcecode.swift; path = HomeView.swift; sourceTree = "<group>"; };
		228BE94A2A481181009E5596 /* UberMapViewRepresentable.swift */ = {isa = PBXFileReference; lastKnownFileType = sourcecode.swift; path = UberMapViewRepresentable.swift; sourceTree = "<group>"; };
		228BE94C2A481541009E5596 /* LocationManager.swift */ = {isa = PBXFileReference; lastKnownFileType = sourcecode.swift; path = LocationManager.swift; sourceTree = "<group>"; };
		228BE94E2A48155A009E5596 /* Info.plist */ = {isa = PBXFileReference; fileEncoding = 4; lastKnownFileType = text.plist.xml; path = Info.plist; sourceTree = "<group>"; };
		22B813272A482E3E001FAA35 /* LocationSearchActivationView.swift */ = {isa = PBXFileReference; lastKnownFileType = sourcecode.swift; path = LocationSearchActivationView.swift; sourceTree = "<group>"; };
		22B813292A483173001FAA35 /* MapViewActionButton.swift */ = {isa = PBXFileReference; lastKnownFileType = sourcecode.swift; path = MapViewActionButton.swift; sourceTree = "<group>"; };
		22B8132B2A483340001FAA35 /* LocationSearchView.swift */ = {isa = PBXFileReference; lastKnownFileType = sourcecode.swift; path = LocationSearchView.swift; sourceTree = "<group>"; };
		22B8132D2A483710001FAA35 /* LocationSearchResultCell.swift */ = {isa = PBXFileReference; lastKnownFileType = sourcecode.swift; path = LocationSearchResultCell.swift; sourceTree = "<group>"; };
		22C907982A4ED0BE002903ED /* Double.swift */ = {isa = PBXFileReference; lastKnownFileType = sourcecode.swift; path = Double.swift; sourceTree = "<group>"; };
		22C9079A2A4ED989002903ED /* UberLocation.swift */ = {isa = PBXFileReference; lastKnownFileType = sourcecode.swift; path = UberLocation.swift; sourceTree = "<group>"; };
		22ED5A242A4D251E00F980EA /* MapViewState.swift */ = {isa = PBXFileReference; lastKnownFileType = sourcecode.swift; path = MapViewState.swift; sourceTree = "<group>"; };
		22ED5A282A4D380000F980EA /* RideRequestView.swift */ = {isa = PBXFileReference; lastKnownFileType = sourcecode.swift; path = RideRequestView.swift; sourceTree = "<group>"; };
		22ED5A2A2A4D92BD00F980EA /* RideType.swift */ = {isa = PBXFileReference; lastKnownFileType = sourcecode.swift; path = RideType.swift; sourceTree = "<group>"; };
/* End PBXFileReference section */

/* Begin PBXFrameworksBuildPhase section */
		228BE92B2A48107E009E5596 /* Frameworks */ = {
			isa = PBXFrameworksBuildPhase;
			buildActionMask = 2147483647;
			files = (
			);
			runOnlyForDeploymentPostprocessing = 0;
		};
/* End PBXFrameworksBuildPhase section */

/* Begin PBXGroup section */
		228BE9252A48107E009E5596 = {
			isa = PBXGroup;
			children = (
				228BE9302A48107E009E5596 /* UberSwiftUI */,
				228BE92F2A48107E009E5596 /* Products */,
			);
			sourceTree = "<group>";
		};
		228BE92F2A48107E009E5596 /* Products */ = {
			isa = PBXGroup;
			children = (
				228BE92E2A48107E009E5596 /* UberSwiftUI.app */,
			);
			name = Products;
			sourceTree = "<group>";
		};
		228BE9302A48107E009E5596 /* UberSwiftUI */ = {
			isa = PBXGroup;
			children = (
				228BE9402A4810B0009E5596 /* App */,
				228BE93F2A4810A8009E5596 /* Core */,
				228BE9432A4810F2009E5596 /* Models */,
				228BE9422A4810EA009E5596 /* Managers */,
				228BE9412A4810D7009E5596 /* Extensions */,
				228BE9312A48107E009E5596 /* UberSwiftUIApp.swift */,
				228BE94E2A48155A009E5596 /* Info.plist */,
				228BE9352A481080009E5596 /* Assets.xcassets */,
				228BE9372A481080009E5596 /* Preview Content */,
			);
			path = UberSwiftUI;
			sourceTree = "<group>";
		};
		228BE9372A481080009E5596 /* Preview Content */ = {
			isa = PBXGroup;
			children = (
				228BE9382A481080009E5596 /* Preview Assets.xcassets */,
			);
			path = "Preview Content";
			sourceTree = "<group>";
		};
		228BE93F2A4810A8009E5596 /* Core */ = {
			isa = PBXGroup;
			children = (
				22ED5A262A4D37D800F980EA /* Trips */,
				22B813242A482DEA001FAA35 /* LocationSearch */,
				22B813232A482DAF001FAA35 /* Home */,
			);
			path = Core;
			sourceTree = "<group>";
		};
		228BE9402A4810B0009E5596 /* App */ = {
			isa = PBXGroup;
			children = (
			);
			path = App;
			sourceTree = "<group>";
		};
		228BE9412A4810D7009E5596 /* Extensions */ = {
			isa = PBXGroup;
			children = (
				22C907982A4ED0BE002903ED /* Double.swift */,
				22832DAB2A52735300148AD3 /* Color.swift */,
			);
			path = Extensions;
			sourceTree = "<group>";
		};
		228BE9422A4810EA009E5596 /* Managers */ = {
			isa = PBXGroup;
			children = (
				228BE94C2A481541009E5596 /* LocationManager.swift */,
			);
			path = Managers;
			sourceTree = "<group>";
		};
		228BE9432A4810F2009E5596 /* Models */ = {
			isa = PBXGroup;
			children = (
				22ED5A242A4D251E00F980EA /* MapViewState.swift */,
				22ED5A2A2A4D92BD00F980EA /* RideType.swift */,
				22C9079A2A4ED989002903ED /* UberLocation.swift */,
			);
			path = Models;
			sourceTree = "<group>";
		};
		228BE9442A48111C009E5596 /* ViewModels */ = {
			isa = PBXGroup;
			children = (
			);
			path = ViewModels;
			sourceTree = "<group>";
		};
		228BE9452A481129009E5596 /* Views */ = {
			isa = PBXGroup;
			children = (
				228BE9482A481150009E5596 /* HomeView.swift */,
				22B813292A483173001FAA35 /* MapViewActionButton.swift */,
				228BE94A2A481181009E5596 /* UberMapViewRepresentable.swift */,
			);
			path = Views;
			sourceTree = "<group>";
		};
		22B813232A482DAF001FAA35 /* Home */ = {
			isa = PBXGroup;
			children = (
				228BE9452A481129009E5596 /* Views */,
				228BE9442A48111C009E5596 /* ViewModels */,
			);
			path = Home;
			sourceTree = "<group>";
		};
		22B813242A482DEA001FAA35 /* LocationSearch */ = {
			isa = PBXGroup;
			children = (
				22B813262A482E04001FAA35 /* ViewModels */,
				22B813252A482DFE001FAA35 /* Views */,
			);
			path = LocationSearch;
			sourceTree = "<group>";
		};
		22B813252A482DFE001FAA35 /* Views */ = {
			isa = PBXGroup;
			children = (
				22B8132B2A483340001FAA35 /* LocationSearchView.swift */,
				22B8132D2A483710001FAA35 /* LocationSearchResultCell.swift */,
				22B813272A482E3E001FAA35 /* LocationSearchActivationView.swift */,
			);
			path = Views;
			sourceTree = "<group>";
		};
		22B813262A482E04001FAA35 /* ViewModels */ = {
			isa = PBXGroup;
			children = (
				220755A02A4997410017B5D9 /* LocationSearchViewModel.swift */,
			);
			path = ViewModels;
			sourceTree = "<group>";
		};
		22ED5A262A4D37D800F980EA /* Trips */ = {
			isa = PBXGroup;
			children = (
				22ED5A272A4D37EC00F980EA /* Views */,
			);
			path = Trips;
			sourceTree = "<group>";
		};
		22ED5A272A4D37EC00F980EA /* Views */ = {
			isa = PBXGroup;
			children = (
				22ED5A282A4D380000F980EA /* RideRequestView.swift */,
			);
			path = Views;
			sourceTree = "<group>";
		};
/* End PBXGroup section */

/* Begin PBXNativeTarget section */
		228BE92D2A48107E009E5596 /* UberSwiftUI */ = {
			isa = PBXNativeTarget;
			buildConfigurationList = 228BE93C2A481080009E5596 /* Build configuration list for PBXNativeTarget "UberSwiftUI" */;
			buildPhases = (
				228BE92A2A48107E009E5596 /* Sources */,
				228BE92B2A48107E009E5596 /* Frameworks */,
				228BE92C2A48107E009E5596 /* Resources */,
			);
			buildRules = (
			);
			dependencies = (
			);
			name = UberSwiftUI;
			productName = UberSwiftUI;
			productReference = 228BE92E2A48107E009E5596 /* UberSwiftUI.app */;
			productType = "com.apple.product-type.application";
		};
/* End PBXNativeTarget section */

/* Begin PBXProject section */
		228BE9262A48107E009E5596 /* Project object */ = {
			isa = PBXProject;
			attributes = {
				BuildIndependentTargetsInParallel = 1;
				LastSwiftUpdateCheck = 1430;
				LastUpgradeCheck = 1430;
				TargetAttributes = {
					228BE92D2A48107E009E5596 = {
						CreatedOnToolsVersion = 14.3.1;
					};
				};
			};
			buildConfigurationList = 228BE9292A48107E009E5596 /* Build configuration list for PBXProject "UberSwiftUI" */;
			compatibilityVersion = "Xcode 14.0";
			developmentRegion = en;
			hasScannedForEncodings = 0;
			knownRegions = (
				en,
				Base,
			);
			mainGroup = 228BE9252A48107E009E5596;
			productRefGroup = 228BE92F2A48107E009E5596 /* Products */;
			projectDirPath = "";
			projectRoot = "";
			targets = (
				228BE92D2A48107E009E5596 /* UberSwiftUI */,
			);
		};
/* End PBXProject section */

/* Begin PBXResourcesBuildPhase section */
		228BE92C2A48107E009E5596 /* Resources */ = {
			isa = PBXResourcesBuildPhase;
			buildActionMask = 2147483647;
			files = (
				228BE9392A481080009E5596 /* Preview Assets.xcassets in Resources */,
				228BE9362A481080009E5596 /* Assets.xcassets in Resources */,
			);
			runOnlyForDeploymentPostprocessing = 0;
		};
/* End PBXResourcesBuildPhase section */

/* Begin PBXSourcesBuildPhase section */
		228BE92A2A48107E009E5596 /* Sources */ = {
			isa = PBXSourcesBuildPhase;
			buildActionMask = 2147483647;
			files = (
				220755A12A4997410017B5D9 /* LocationSearchViewModel.swift in Sources */,
				22B8132C2A483340001FAA35 /* LocationSearchView.swift in Sources */,
				228BE94D2A481541009E5596 /* LocationManager.swift in Sources */,
				22ED5A292A4D380000F980EA /* RideRequestView.swift in Sources */,
				22C907992A4ED0BE002903ED /* Double.swift in Sources */,
				22ED5A252A4D251E00F980EA /* MapViewState.swift in Sources */,
				22B8132A2A483173001FAA35 /* MapViewActionButton.swift in Sources */,
				228BE9322A48107E009E5596 /* UberSwiftUIApp.swift in Sources */,
				22832DAC2A52735300148AD3 /* Color.swift in Sources */,
				228BE94B2A481181009E5596 /* UberMapViewRepresentable.swift in Sources */,
				228BE9492A481150009E5596 /* HomeView.swift in Sources */,
				22C9079B2A4ED989002903ED /* UberLocation.swift in Sources */,
				22B813282A482E3E001FAA35 /* LocationSearchActivationView.swift in Sources */,
				22B8132E2A483710001FAA35 /* LocationSearchResultCell.swift in Sources */,
				22ED5A2B2A4D92BD00F980EA /* RideType.swift in Sources */,
			);
			runOnlyForDeploymentPostprocessing = 0;
		};
/* End PBXSourcesBuildPhase section */

/* Begin XCBuildConfiguration section */
		228BE93A2A481080009E5596 /* Debug */ = {
			isa = XCBuildConfiguration;
			buildSettings = {
				ALWAYS_SEARCH_USER_PATHS = NO;
				CLANG_ANALYZER_NONNULL = YES;
				CLANG_ANALYZER_NUMBER_OBJECT_CONVERSION = YES_AGGRESSIVE;
				CLANG_CXX_LANGUAGE_STANDARD = "gnu++20";
				CLANG_ENABLE_MODULES = YES;
				CLANG_ENABLE_OBJC_ARC = YES;
				CLANG_ENABLE_OBJC_WEAK = YES;
				CLANG_WARN_BLOCK_CAPTURE_AUTORELEASING = YES;
				CLANG_WARN_BOOL_CONVERSION = YES;
				CLANG_WARN_COMMA = YES;
				CLANG_WARN_CONSTANT_CONVERSION = YES;
				CLANG_WARN_DEPRECATED_OBJC_IMPLEMENTATIONS = YES;
				CLANG_WARN_DIRECT_OBJC_ISA_USAGE = YES_ERROR;
				CLANG_WARN_DOCUMENTATION_COMMENTS = YES;
				CLANG_WARN_EMPTY_BODY = YES;
				CLANG_WARN_ENUM_CONVERSION = YES;
				CLANG_WARN_INFINITE_RECURSION = YES;
				CLANG_WARN_INT_CONVERSION = YES;
				CLANG_WARN_NON_LITERAL_NULL_CONVERSION = YES;
				CLANG_WARN_OBJC_IMPLICIT_RETAIN_SELF = YES;
				CLANG_WARN_OBJC_LITERAL_CONVERSION = YES;
				CLANG_WARN_OBJC_ROOT_CLASS = YES_ERROR;
				CLANG_WARN_QUOTED_INCLUDE_IN_FRAMEWORK_HEADER = YES;
				CLANG_WARN_RANGE_LOOP_ANALYSIS = YES;
				CLANG_WARN_STRICT_PROTOTYPES = YES;
				CLANG_WARN_SUSPICIOUS_MOVE = YES;
				CLANG_WARN_UNGUARDED_AVAILABILITY = YES_AGGRESSIVE;
				CLANG_WARN_UNREACHABLE_CODE = YES;
				CLANG_WARN__DUPLICATE_METHOD_MATCH = YES;
				COPY_PHASE_STRIP = NO;
				DEBUG_INFORMATION_FORMAT = dwarf;
				ENABLE_STRICT_OBJC_MSGSEND = YES;
				ENABLE_TESTABILITY = YES;
				GCC_C_LANGUAGE_STANDARD = gnu11;
				GCC_DYNAMIC_NO_PIC = NO;
				GCC_NO_COMMON_BLOCKS = YES;
				GCC_OPTIMIZATION_LEVEL = 0;
				GCC_PREPROCESSOR_DEFINITIONS = (
					"DEBUG=1",
					"$(inherited)",
				);
				GCC_WARN_64_TO_32_BIT_CONVERSION = YES;
				GCC_WARN_ABOUT_RETURN_TYPE = YES_ERROR;
				GCC_WARN_UNDECLARED_SELECTOR = YES;
				GCC_WARN_UNINITIALIZED_AUTOS = YES_AGGRESSIVE;
				GCC_WARN_UNUSED_FUNCTION = YES;
				GCC_WARN_UNUSED_VARIABLE = YES;
				IPHONEOS_DEPLOYMENT_TARGET = 14.0;
				MTL_ENABLE_DEBUG_INFO = INCLUDE_SOURCE;
				MTL_FAST_MATH = YES;
				ONLY_ACTIVE_ARCH = YES;
				SDKROOT = iphoneos;
				SWIFT_ACTIVE_COMPILATION_CONDITIONS = DEBUG;
				SWIFT_OPTIMIZATION_LEVEL = "-Onone";
			};
			name = Debug;
		};
		228BE93B2A481080009E5596 /* Release */ = {
			isa = XCBuildConfiguration;
			buildSettings = {
				ALWAYS_SEARCH_USER_PATHS = NO;
				CLANG_ANALYZER_NONNULL = YES;
				CLANG_ANALYZER_NUMBER_OBJECT_CONVERSION = YES_AGGRESSIVE;
				CLANG_CXX_LANGUAGE_STANDARD = "gnu++20";
				CLANG_ENABLE_MODULES = YES;
				CLANG_ENABLE_OBJC_ARC = YES;
				CLANG_ENABLE_OBJC_WEAK = YES;
				CLANG_WARN_BLOCK_CAPTURE_AUTORELEASING = YES;
				CLANG_WARN_BOOL_CONVERSION = YES;
				CLANG_WARN_COMMA = YES;
				CLANG_WARN_CONSTANT_CONVERSION = YES;
				CLANG_WARN_DEPRECATED_OBJC_IMPLEMENTATIONS = YES;
				CLANG_WARN_DIRECT_OBJC_ISA_USAGE = YES_ERROR;
				CLANG_WARN_DOCUMENTATION_COMMENTS = YES;
				CLANG_WARN_EMPTY_BODY = YES;
				CLANG_WARN_ENUM_CONVERSION = YES;
				CLANG_WARN_INFINITE_RECURSION = YES;
				CLANG_WARN_INT_CONVERSION = YES;
				CLANG_WARN_NON_LITERAL_NULL_CONVERSION = YES;
				CLANG_WARN_OBJC_IMPLICIT_RETAIN_SELF = YES;
				CLANG_WARN_OBJC_LITERAL_CONVERSION = YES;
				CLANG_WARN_OBJC_ROOT_CLASS = YES_ERROR;
				CLANG_WARN_QUOTED_INCLUDE_IN_FRAMEWORK_HEADER = YES;
				CLANG_WARN_RANGE_LOOP_ANALYSIS = YES;
				CLANG_WARN_STRICT_PROTOTYPES = YES;
				CLANG_WARN_SUSPICIOUS_MOVE = YES;
				CLANG_WARN_UNGUARDED_AVAILABILITY = YES_AGGRESSIVE;
				CLANG_WARN_UNREACHABLE_CODE = YES;
				CLANG_WARN__DUPLICATE_METHOD_MATCH = YES;
				COPY_PHASE_STRIP = NO;
				DEBUG_INFORMATION_FORMAT = "dwarf-with-dsym";
				ENABLE_NS_ASSERTIONS = NO;
				ENABLE_STRICT_OBJC_MSGSEND = YES;
				GCC_C_LANGUAGE_STANDARD = gnu11;
				GCC_NO_COMMON_BLOCKS = YES;
				GCC_WARN_64_TO_32_BIT_CONVERSION = YES;
				GCC_WARN_ABOUT_RETURN_TYPE = YES_ERROR;
				GCC_WARN_UNDECLARED_SELECTOR = YES;
				GCC_WARN_UNINITIALIZED_AUTOS = YES_AGGRESSIVE;
				GCC_WARN_UNUSED_FUNCTION = YES;
				GCC_WARN_UNUSED_VARIABLE = YES;
				IPHONEOS_DEPLOYMENT_TARGET = 14.0;
				MTL_ENABLE_DEBUG_INFO = NO;
				MTL_FAST_MATH = YES;
				SDKROOT = iphoneos;
				SWIFT_COMPILATION_MODE = wholemodule;
				SWIFT_OPTIMIZATION_LEVEL = "-O";
				VALIDATE_PRODUCT = YES;
			};
			name = Release;
		};
		228BE93D2A481080009E5596 /* Debug */ = {
			isa = XCBuildConfiguration;
			buildSettings = {
				ASSETCATALOG_COMPILER_APPICON_NAME = AppIcon;
				ASSETCATALOG_COMPILER_GLOBAL_ACCENT_COLOR_NAME = AccentColor;
				CODE_SIGN_STYLE = Automatic;
				CURRENT_PROJECT_VERSION = 1;
				DEVELOPMENT_ASSET_PATHS = "\"UberSwiftUI/Preview Content\"";
				DEVELOPMENT_TEAM = 7R9X78KKXW;
				ENABLE_PREVIEWS = YES;
				GENERATE_INFOPLIST_FILE = NO;
				INFOPLIST_FILE = UberSwiftUI/Info.plist;
				INFOPLIST_KEY_UIApplicationSceneManifest_Generation = YES;
				INFOPLIST_KEY_UIApplicationSupportsIndirectInputEvents = YES;
				INFOPLIST_KEY_UILaunchScreen_Generation = YES;
				INFOPLIST_KEY_UISupportedInterfaceOrientations_iPad = "UIInterfaceOrientationPortrait UIInterfaceOrientationPortraitUpsideDown UIInterfaceOrientationLandscapeLeft UIInterfaceOrientationLandscapeRight";
				INFOPLIST_KEY_UISupportedInterfaceOrientations_iPhone = "UIInterfaceOrientationPortrait UIInterfaceOrientationLandscapeLeft UIInterfaceOrientationLandscapeRight";
				IPHONEOS_DEPLOYMENT_TARGET = 14.0;
				LD_RUNPATH_SEARCH_PATHS = (
					"$(inherited)",
					"@executable_path/Frameworks",
				);
				MARKETING_VERSION = 1.0;
				PRODUCT_BUNDLE_IDENTIFIER = org.cocoapods.UberSwiftUI;
				PRODUCT_NAME = "$(TARGET_NAME)";
				SWIFT_EMIT_LOC_STRINGS = YES;
				SWIFT_VERSION = 5.0;
				TARGETED_DEVICE_FAMILY = "1,2";
			};
			name = Debug;
		};
		228BE93E2A481080009E5596 /* Release */ = {
			isa = XCBuildConfiguration;
			buildSettings = {
				ASSETCATALOG_COMPILER_APPICON_NAME = AppIcon;
				ASSETCATALOG_COMPILER_GLOBAL_ACCENT_COLOR_NAME = AccentColor;
				CODE_SIGN_STYLE = Automatic;
				CURRENT_PROJECT_VERSION = 1;
				DEVELOPMENT_ASSET_PATHS = "\"UberSwiftUI/Preview Content\"";
				DEVELOPMENT_TEAM = 7R9X78KKXW;
				ENABLE_PREVIEWS = YES;
				GENERATE_INFOPLIST_FILE = NO;
				INFOPLIST_FILE = UberSwiftUI/Info.plist;
				INFOPLIST_KEY_UIApplicationSceneManifest_Generation = YES;
				INFOPLIST_KEY_UIApplicationSupportsIndirectInputEvents = YES;
				INFOPLIST_KEY_UILaunchScreen_Generation = YES;
				INFOPLIST_KEY_UISupportedInterfaceOrientations_iPad = "UIInterfaceOrientationPortrait UIInterfaceOrientationPortraitUpsideDown UIInterfaceOrientationLandscapeLeft UIInterfaceOrientationLandscapeRight";
				INFOPLIST_KEY_UISupportedInterfaceOrientations_iPhone = "UIInterfaceOrientationPortrait UIInterfaceOrientationLandscapeLeft UIInterfaceOrientationLandscapeRight";
				IPHONEOS_DEPLOYMENT_TARGET = 14.0;
				LD_RUNPATH_SEARCH_PATHS = (
					"$(inherited)",
					"@executable_path/Frameworks",
				);
				MARKETING_VERSION = 1.0;
				PRODUCT_BUNDLE_IDENTIFIER = org.cocoapods.UberSwiftUI;
				PRODUCT_NAME = "$(TARGET_NAME)";
				SWIFT_EMIT_LOC_STRINGS = YES;
				SWIFT_VERSION = 5.0;
				TARGETED_DEVICE_FAMILY = "1,2";
			};
			name = Release;
		};
/* End XCBuildConfiguration section */

/* Begin XCConfigurationList section */
		228BE9292A48107E009E5596 /* Build configuration list for PBXProject "UberSwiftUI" */ = {
			isa = XCConfigurationList;
			buildConfigurations = (
				228BE93A2A481080009E5596 /* Debug */,
				228BE93B2A481080009E5596 /* Release */,
			);
			defaultConfigurationIsVisible = 0;
			defaultConfigurationName = Release;
		};
		228BE93C2A481080009E5596 /* Build configuration list for PBXNativeTarget "UberSwiftUI" */ = {
			isa = XCConfigurationList;
			buildConfigurations = (
				228BE93D2A481080009E5596 /* Debug */,
				228BE93E2A481080009E5596 /* Release */,
			);
			defaultConfigurationIsVisible = 0;
			defaultConfigurationName = Release;
		};
/* End XCConfigurationList section */
	};
	rootObject = 228BE9262A48107E009E5596 /* Project object */;
}
